// !$*UTF8*$!
{
	archiveVersion = 1;
	classes = {
	};
	objectVersion = 46;
	objects = {

/* Begin PBXBuildFile section */
		0090A400E8D0AADEF7534A62 /* libPods-NeuPlayerTests.a in Frameworks */ = {isa = PBXBuildFile; fileRef = 98274D2BE964447B9B239033 /* libPods-NeuPlayerTests.a */; };
		00E356F31AD99517003FC87E /* NeuPlayerTests.m in Sources */ = {isa = PBXBuildFile; fileRef = 00E356F21AD99517003FC87E /* NeuPlayerTests.m */; };
		13B07FBC1A68108700A75B9A /* AppDelegate.m in Sources */ = {isa = PBXBuildFile; fileRef = 13B07FB01A68108700A75B9A /* AppDelegate.m */; };
		13B07FBD1A68108700A75B9A /* LaunchScreen.xib in Resources */ = {isa = PBXBuildFile; fileRef = 13B07FB11A68108700A75B9A /* LaunchScreen.xib */; };
		13B07FBF1A68108700A75B9A /* Images.xcassets in Resources */ = {isa = PBXBuildFile; fileRef = 13B07FB51A68108700A75B9A /* Images.xcassets */; };
		13B07FC11A68108700A75B9A /* main.m in Sources */ = {isa = PBXBuildFile; fileRef = 13B07FB71A68108700A75B9A /* main.m */; };
		28E913BF65CD68E7324C6539 /* libPods-NeuPlayer.a in Frameworks */ = {isa = PBXBuildFile; fileRef = 6873B3D5F885CE1A0215B7FA /* libPods-NeuPlayer.a */; };
		2D02E4BC1E0B4A80006451C7 /* AppDelegate.m in Sources */ = {isa = PBXBuildFile; fileRef = 13B07FB01A68108700A75B9A /* AppDelegate.m */; };
		2D02E4BD1E0B4A84006451C7 /* Images.xcassets in Resources */ = {isa = PBXBuildFile; fileRef = 13B07FB51A68108700A75B9A /* Images.xcassets */; };
		2D02E4BF1E0B4AB3006451C7 /* main.m in Sources */ = {isa = PBXBuildFile; fileRef = 13B07FB71A68108700A75B9A /* main.m */; };
		2DCD954D1E0B4F2C00145EB5 /* NeuPlayerTests.m in Sources */ = {isa = PBXBuildFile; fileRef = 00E356F21AD99517003FC87E /* NeuPlayerTests.m */; };
		BED7D388673FEA77E5A347B3 /* libPods-NeuPlayer-tvOSTests.a in Frameworks */ = {isa = PBXBuildFile; fileRef = A740761424B5B9207EF79070 /* libPods-NeuPlayer-tvOSTests.a */; };
		CA11E4256C456614B9193F6B /* libPods-NeuPlayer-tvOS.a in Frameworks */ = {isa = PBXBuildFile; fileRef = EF6AFA102C6998F3E4E286DF /* libPods-NeuPlayer-tvOS.a */; };
		81F78A21DBB144B4873F6C51 /* Montserrat-Black.ttf in Resources */ = {isa = PBXBuildFile; fileRef = A21CF6D3EE9D4E75BF9600BF /* Montserrat-Black.ttf */; };
		C24DED79E0FC4B5D879CC084 /* Montserrat-BlackItalic.ttf in Resources */ = {isa = PBXBuildFile; fileRef = 8C4344DEBD484FE9AC997C2D /* Montserrat-BlackItalic.ttf */; };
		F1E8698F945B45B681E85A16 /* Montserrat-Bold.ttf in Resources */ = {isa = PBXBuildFile; fileRef = 6751AD8980EE4C62A5B1487F /* Montserrat-Bold.ttf */; };
		A373A0DE59CD4447BEB1E268 /* Montserrat-BoldItalic.ttf in Resources */ = {isa = PBXBuildFile; fileRef = F0BE3C1A5E7E4C219F8CC87F /* Montserrat-BoldItalic.ttf */; };
		A5893906D2DF4D65985A8248 /* Montserrat-ExtraBold.ttf in Resources */ = {isa = PBXBuildFile; fileRef = 4053AFE2ECD54D6C81C22189 /* Montserrat-ExtraBold.ttf */; };
		0E5D9E2449D448A89E4497CF /* Montserrat-ExtraBoldItalic.ttf in Resources */ = {isa = PBXBuildFile; fileRef = 266F91424D7948CE92FC4A99 /* Montserrat-ExtraBoldItalic.ttf */; };
		B40DF956A0EB47D4B78E3B40 /* Montserrat-ExtraLight.ttf in Resources */ = {isa = PBXBuildFile; fileRef = C11CB5B5DFF345648E0BC35D /* Montserrat-ExtraLight.ttf */; };
		CAF4E72DFBE547579AF4429E /* Montserrat-ExtraLightItalic.ttf in Resources */ = {isa = PBXBuildFile; fileRef = DE51A3AB67DA400981A21D23 /* Montserrat-ExtraLightItalic.ttf */; };
		EDF1BADE7604477C8F4A1A97 /* Montserrat-Italic.ttf in Resources */ = {isa = PBXBuildFile; fileRef = 722691A36F7844B3AC68BD26 /* Montserrat-Italic.ttf */; };
		7C866C2A962447209839BD4F /* Montserrat-Light.ttf in Resources */ = {isa = PBXBuildFile; fileRef = 2C29856E286B4FB29A9D54F3 /* Montserrat-Light.ttf */; };
		2C262C16CECD4DD1A0A31689 /* Montserrat-LightItalic.ttf in Resources */ = {isa = PBXBuildFile; fileRef = D074B1C34BBF48FF8AB7351D /* Montserrat-LightItalic.ttf */; };
		E4983A24E9EE41C487035698 /* Montserrat-Medium.ttf in Resources */ = {isa = PBXBuildFile; fileRef = 3810F134275D47E4A5B1FBA0 /* Montserrat-Medium.ttf */; };
		87F2C19497284D7691FA2A9A /* Montserrat-MediumItalic.ttf in Resources */ = {isa = PBXBuildFile; fileRef = F06C78FD3AB64E3E8D6AFD38 /* Montserrat-MediumItalic.ttf */; };
		2460809962694BDAA65CD81A /* Montserrat-Regular.ttf in Resources */ = {isa = PBXBuildFile; fileRef = 55BE2C9EFF814CB4BFA4F906 /* Montserrat-Regular.ttf */; };
		87F77772EE0E4FBB8FF61DF4 /* Montserrat-SemiBold.ttf in Resources */ = {isa = PBXBuildFile; fileRef = 6F24AC42941F4470B5EA6342 /* Montserrat-SemiBold.ttf */; };
		809044EB404343DC8DE5C2B6 /* Montserrat-SemiBoldItalic.ttf in Resources */ = {isa = PBXBuildFile; fileRef = 49412946F8FD4DADAF221F34 /* Montserrat-SemiBoldItalic.ttf */; };
		281A32832E2F43BEBFE9703B /* Montserrat-Thin.ttf in Resources */ = {isa = PBXBuildFile; fileRef = AA35DE0DF6DB43AA8A057406 /* Montserrat-Thin.ttf */; };
		F78557EFBD544B06BCEC4585 /* Montserrat-ThinItalic.ttf in Resources */ = {isa = PBXBuildFile; fileRef = 1E8EE93F6CFA4C41BF13A239 /* Montserrat-ThinItalic.ttf */; };
		62F96306BD0E42AC86351365 /* Gotham-Bold.ttf in Resources */ = {isa = PBXBuildFile; fileRef = 420DC35E65CD4F749F9EFBD3 /* Gotham-Bold.ttf */; };
		7DD345CBE7D6424DB1F47C41 /* Gotham-BoldItalic.ttf in Resources */ = {isa = PBXBuildFile; fileRef = 02B9241401774FAA9E03B882 /* Gotham-BoldItalic.ttf */; };
		0C874108C90F4418931A79C6 /* Gotham-Book.ttf in Resources */ = {isa = PBXBuildFile; fileRef = 73056317C42242B6BFCDCBCE /* Gotham-Book.ttf */; };
		CA88A234E7BC4F99800D8BFB /* Gotham-BookItalic.ttf in Resources */ = {isa = PBXBuildFile; fileRef = 4D0BC13B0BD94DF081558732 /* Gotham-BookItalic.ttf */; };
		20790947CC22435CB3FD324D /* Gotham-Light.ttf in Resources */ = {isa = PBXBuildFile; fileRef = 18A73F7BC68640ADBDA3FF39 /* Gotham-Light.ttf */; };
		FF1A90FC07CF4E4695C09BC1 /* Gotham-LightItalic.ttf in Resources */ = {isa = PBXBuildFile; fileRef = 7642BCB8EF7848D1B7BD9F1F /* Gotham-LightItalic.ttf */; };
		EB08DB65013941608D582877 /* Gotham-Medium_1.ttf in Resources */ = {isa = PBXBuildFile; fileRef = E214C0450436411B8BA2CC14 /* Gotham-Medium_1.ttf */; };
		604D6591034B4A99B50E22FA /* Gotham-Medium.ttf in Resources */ = {isa = PBXBuildFile; fileRef = 635BBBF3F5DF408CA27421D6 /* Gotham-Medium.ttf */; };
		20828190E4AF4C11A2DE2A2E /* Gotham-MediumItalic.ttf in Resources */ = {isa = PBXBuildFile; fileRef = 10BCB3EB87884856B8DA3CC1 /* Gotham-MediumItalic.ttf */; };
		76FE3D0EE4304A68AB460275 /* Gotham-Black.otf in Resources */ = {isa = PBXBuildFile; fileRef = 6D6F9763457840AC874F476F /* Gotham-Black.otf */; };
		3FE6613FDF1E4FB38780615D /* Gotham-Bold.otf in Resources */ = {isa = PBXBuildFile; fileRef = 8B9CD6C9A9184E8FA5693AAB /* Gotham-Bold.otf */; };
		028A4BC433E04347B6B1A284 /* Gotham-BookItalic.otf in Resources */ = {isa = PBXBuildFile; fileRef = D1E3C642F8FA48E89BFBDDC8 /* Gotham-BookItalic.otf */; };
		85F8CB6438B5485380F512FB /* Gotham-Light.otf in Resources */ = {isa = PBXBuildFile; fileRef = E25FB4CF35B544ED808046E0 /* Gotham-Light.otf */; };
		87D4FD9A78AF46648FB10054 /* Gotham-Thin.otf in Resources */ = {isa = PBXBuildFile; fileRef = F23AB60175D34E6FA44DD737 /* Gotham-Thin.otf */; };
		BDE0351695F34974944DC1ED /* Gotham-ThinItalic.otf in Resources */ = {isa = PBXBuildFile; fileRef = AAB369B5C4AC48419F661973 /* Gotham-ThinItalic.otf */; };
		9F7FBE7B0A594E79BEE6E1D6 /* Gotham-UltraItalic.otf in Resources */ = {isa = PBXBuildFile; fileRef = 9DDD50199A224C249817A7F4 /* Gotham-UltraItalic.otf */; };
		C445B45BDE824E8E87375C1E /* Gotham-XLight.otf in Resources */ = {isa = PBXBuildFile; fileRef = CBBF292FD98D4DFC96252D36 /* Gotham-XLight.otf */; };
		AD37E5666B85450EB2FC7932 /* Gotham-XLightItalic.otf in Resources */ = {isa = PBXBuildFile; fileRef = CEAED6161FE648CDA7FFB409 /* Gotham-XLightItalic.otf */; };
/* End PBXBuildFile section */

/* Begin PBXContainerItemProxy section */
		00E356F41AD99517003FC87E /* PBXContainerItemProxy */ = {
			isa = PBXContainerItemProxy;
			containerPortal = 83CBB9F71A601CBA00E9B192 /* Project object */;
			proxyType = 1;
			remoteGlobalIDString = 13B07F861A680F5B00A75B9A;
			remoteInfo = NeuPlayer;
		};
		2D02E4911E0B4A5D006451C7 /* PBXContainerItemProxy */ = {
			isa = PBXContainerItemProxy;
			containerPortal = 83CBB9F71A601CBA00E9B192 /* Project object */;
			proxyType = 1;
			remoteGlobalIDString = 2D02E47A1E0B4A5D006451C7;
			remoteInfo = "NeuPlayer-tvOS";
		};
/* End PBXContainerItemProxy section */

/* Begin PBXFileReference section */
		008F07F21AC5B25A0029DE68 /* main.jsbundle */ = {isa = PBXFileReference; fileEncoding = 4; lastKnownFileType = text; path = main.jsbundle; sourceTree = "<group>"; };
		00E356EE1AD99517003FC87E /* NeuPlayerTests.xctest */ = {isa = PBXFileReference; explicitFileType = wrapper.cfbundle; includeInIndex = 0; path = NeuPlayerTests.xctest; sourceTree = BUILT_PRODUCTS_DIR; };
		00E356F11AD99517003FC87E /* Info.plist */ = {isa = PBXFileReference; lastKnownFileType = text.plist.xml; path = Info.plist; sourceTree = "<group>"; };
		00E356F21AD99517003FC87E /* NeuPlayerTests.m */ = {isa = PBXFileReference; lastKnownFileType = sourcecode.c.objc; path = NeuPlayerTests.m; sourceTree = "<group>"; };
		11052784588A85ECF7D94F90 /* Pods-NeuPlayer-tvOSTests.release.xcconfig */ = {isa = PBXFileReference; includeInIndex = 1; lastKnownFileType = text.xcconfig; name = "Pods-NeuPlayer-tvOSTests.release.xcconfig"; path = "Target Support Files/Pods-NeuPlayer-tvOSTests/Pods-NeuPlayer-tvOSTests.release.xcconfig"; sourceTree = "<group>"; };
		13B07F961A680F5B00A75B9A /* NeuPlayer.app */ = {isa = PBXFileReference; explicitFileType = wrapper.application; includeInIndex = 0; path = NeuPlayer.app; sourceTree = BUILT_PRODUCTS_DIR; };
		13B07FAF1A68108700A75B9A /* AppDelegate.h */ = {isa = PBXFileReference; fileEncoding = 4; lastKnownFileType = sourcecode.c.h; name = AppDelegate.h; path = NeuPlayer/AppDelegate.h; sourceTree = "<group>"; };
		13B07FB01A68108700A75B9A /* AppDelegate.m */ = {isa = PBXFileReference; fileEncoding = 4; lastKnownFileType = sourcecode.c.objc; name = AppDelegate.m; path = NeuPlayer/AppDelegate.m; sourceTree = "<group>"; };
		13B07FB21A68108700A75B9A /* Base */ = {isa = PBXFileReference; lastKnownFileType = file.xib; name = Base; path = Base.lproj/LaunchScreen.xib; sourceTree = "<group>"; };
		13B07FB51A68108700A75B9A /* Images.xcassets */ = {isa = PBXFileReference; lastKnownFileType = folder.assetcatalog; name = Images.xcassets; path = NeuPlayer/Images.xcassets; sourceTree = "<group>"; };
		13B07FB61A68108700A75B9A /* Info.plist */ = {isa = PBXFileReference; fileEncoding = 4; lastKnownFileType = text.plist.xml; name = Info.plist; path = NeuPlayer/Info.plist; sourceTree = "<group>"; };
		13B07FB71A68108700A75B9A /* main.m */ = {isa = PBXFileReference; fileEncoding = 4; lastKnownFileType = sourcecode.c.objc; name = main.m; path = NeuPlayer/main.m; sourceTree = "<group>"; };
		1D7C281930AAD6F57648A30E /* Pods-NeuPlayer.release.xcconfig */ = {isa = PBXFileReference; includeInIndex = 1; lastKnownFileType = text.xcconfig; name = "Pods-NeuPlayer.release.xcconfig"; path = "Target Support Files/Pods-NeuPlayer/Pods-NeuPlayer.release.xcconfig"; sourceTree = "<group>"; };
		2987CD54309FA25215720280 /* Pods-NeuPlayerTests.debug.xcconfig */ = {isa = PBXFileReference; includeInIndex = 1; lastKnownFileType = text.xcconfig; name = "Pods-NeuPlayerTests.debug.xcconfig"; path = "Target Support Files/Pods-NeuPlayerTests/Pods-NeuPlayerTests.debug.xcconfig"; sourceTree = "<group>"; };
		2D02E47B1E0B4A5D006451C7 /* NeuPlayer-tvOS.app */ = {isa = PBXFileReference; explicitFileType = wrapper.application; includeInIndex = 0; path = "NeuPlayer-tvOS.app"; sourceTree = BUILT_PRODUCTS_DIR; };
		2D02E4901E0B4A5D006451C7 /* NeuPlayer-tvOSTests.xctest */ = {isa = PBXFileReference; explicitFileType = wrapper.cfbundle; includeInIndex = 0; path = "NeuPlayer-tvOSTests.xctest"; sourceTree = BUILT_PRODUCTS_DIR; };
		67FF26DB113CC9BDE0CDC44B /* Pods-NeuPlayer-tvOS.release.xcconfig */ = {isa = PBXFileReference; includeInIndex = 1; lastKnownFileType = text.xcconfig; name = "Pods-NeuPlayer-tvOS.release.xcconfig"; path = "Target Support Files/Pods-NeuPlayer-tvOS/Pods-NeuPlayer-tvOS.release.xcconfig"; sourceTree = "<group>"; };
		6873B3D5F885CE1A0215B7FA /* libPods-NeuPlayer.a */ = {isa = PBXFileReference; explicitFileType = archive.ar; includeInIndex = 0; path = "libPods-NeuPlayer.a"; sourceTree = BUILT_PRODUCTS_DIR; };
		98274D2BE964447B9B239033 /* libPods-NeuPlayerTests.a */ = {isa = PBXFileReference; explicitFileType = archive.ar; includeInIndex = 0; path = "libPods-NeuPlayerTests.a"; sourceTree = BUILT_PRODUCTS_DIR; };
		9ACB0CCE9E9DE25712161AFE /* Pods-NeuPlayer-tvOSTests.debug.xcconfig */ = {isa = PBXFileReference; includeInIndex = 1; lastKnownFileType = text.xcconfig; name = "Pods-NeuPlayer-tvOSTests.debug.xcconfig"; path = "Target Support Files/Pods-NeuPlayer-tvOSTests/Pods-NeuPlayer-tvOSTests.debug.xcconfig"; sourceTree = "<group>"; };
		9D9DA8EA6F43BA4FD1F7E9A8 /* Pods-NeuPlayerTests.release.xcconfig */ = {isa = PBXFileReference; includeInIndex = 1; lastKnownFileType = text.xcconfig; name = "Pods-NeuPlayerTests.release.xcconfig"; path = "Target Support Files/Pods-NeuPlayerTests/Pods-NeuPlayerTests.release.xcconfig"; sourceTree = "<group>"; };
		A740761424B5B9207EF79070 /* libPods-NeuPlayer-tvOSTests.a */ = {isa = PBXFileReference; explicitFileType = archive.ar; includeInIndex = 0; path = "libPods-NeuPlayer-tvOSTests.a"; sourceTree = BUILT_PRODUCTS_DIR; };
		DC77A8E58CA10C0043E71C55 /* Pods-NeuPlayer.debug.xcconfig */ = {isa = PBXFileReference; includeInIndex = 1; lastKnownFileType = text.xcconfig; name = "Pods-NeuPlayer.debug.xcconfig"; path = "Target Support Files/Pods-NeuPlayer/Pods-NeuPlayer.debug.xcconfig"; sourceTree = "<group>"; };
		E8DBBBD9685CF949E2F3EBAB /* Pods-NeuPlayer-tvOS.debug.xcconfig */ = {isa = PBXFileReference; includeInIndex = 1; lastKnownFileType = text.xcconfig; name = "Pods-NeuPlayer-tvOS.debug.xcconfig"; path = "Target Support Files/Pods-NeuPlayer-tvOS/Pods-NeuPlayer-tvOS.debug.xcconfig"; sourceTree = "<group>"; };
		ED297162215061F000B7C4FE /* JavaScriptCore.framework */ = {isa = PBXFileReference; lastKnownFileType = wrapper.framework; name = JavaScriptCore.framework; path = System/Library/Frameworks/JavaScriptCore.framework; sourceTree = SDKROOT; };
		ED2971642150620600B7C4FE /* JavaScriptCore.framework */ = {isa = PBXFileReference; lastKnownFileType = wrapper.framework; name = JavaScriptCore.framework; path = Platforms/AppleTVOS.platform/Developer/SDKs/AppleTVOS12.0.sdk/System/Library/Frameworks/JavaScriptCore.framework; sourceTree = DEVELOPER_DIR; };
		EF6AFA102C6998F3E4E286DF /* libPods-NeuPlayer-tvOS.a */ = {isa = PBXFileReference; explicitFileType = archive.ar; includeInIndex = 0; path = "libPods-NeuPlayer-tvOS.a"; sourceTree = BUILT_PRODUCTS_DIR; };
		A21CF6D3EE9D4E75BF9600BF /* Montserrat-Black.ttf */ = {isa = PBXFileReference; name = "Montserrat-Black.ttf"; path = "../app/theme/fonts/Montserrat-Black.ttf"; sourceTree = "<group>"; fileEncoding = undefined; lastKnownFileType = unknown; explicitFileType = undefined; includeInIndex = 0; };
		8C4344DEBD484FE9AC997C2D /* Montserrat-BlackItalic.ttf */ = {isa = PBXFileReference; name = "Montserrat-BlackItalic.ttf"; path = "../app/theme/fonts/Montserrat-BlackItalic.ttf"; sourceTree = "<group>"; fileEncoding = undefined; lastKnownFileType = unknown; explicitFileType = undefined; includeInIndex = 0; };
		6751AD8980EE4C62A5B1487F /* Montserrat-Bold.ttf */ = {isa = PBXFileReference; name = "Montserrat-Bold.ttf"; path = "../app/theme/fonts/Montserrat-Bold.ttf"; sourceTree = "<group>"; fileEncoding = undefined; lastKnownFileType = unknown; explicitFileType = undefined; includeInIndex = 0; };
		F0BE3C1A5E7E4C219F8CC87F /* Montserrat-BoldItalic.ttf */ = {isa = PBXFileReference; name = "Montserrat-BoldItalic.ttf"; path = "../app/theme/fonts/Montserrat-BoldItalic.ttf"; sourceTree = "<group>"; fileEncoding = undefined; lastKnownFileType = unknown; explicitFileType = undefined; includeInIndex = 0; };
		4053AFE2ECD54D6C81C22189 /* Montserrat-ExtraBold.ttf */ = {isa = PBXFileReference; name = "Montserrat-ExtraBold.ttf"; path = "../app/theme/fonts/Montserrat-ExtraBold.ttf"; sourceTree = "<group>"; fileEncoding = undefined; lastKnownFileType = unknown; explicitFileType = undefined; includeInIndex = 0; };
		266F91424D7948CE92FC4A99 /* Montserrat-ExtraBoldItalic.ttf */ = {isa = PBXFileReference; name = "Montserrat-ExtraBoldItalic.ttf"; path = "../app/theme/fonts/Montserrat-ExtraBoldItalic.ttf"; sourceTree = "<group>"; fileEncoding = undefined; lastKnownFileType = unknown; explicitFileType = undefined; includeInIndex = 0; };
		C11CB5B5DFF345648E0BC35D /* Montserrat-ExtraLight.ttf */ = {isa = PBXFileReference; name = "Montserrat-ExtraLight.ttf"; path = "../app/theme/fonts/Montserrat-ExtraLight.ttf"; sourceTree = "<group>"; fileEncoding = undefined; lastKnownFileType = unknown; explicitFileType = undefined; includeInIndex = 0; };
		DE51A3AB67DA400981A21D23 /* Montserrat-ExtraLightItalic.ttf */ = {isa = PBXFileReference; name = "Montserrat-ExtraLightItalic.ttf"; path = "../app/theme/fonts/Montserrat-ExtraLightItalic.ttf"; sourceTree = "<group>"; fileEncoding = undefined; lastKnownFileType = unknown; explicitFileType = undefined; includeInIndex = 0; };
		722691A36F7844B3AC68BD26 /* Montserrat-Italic.ttf */ = {isa = PBXFileReference; name = "Montserrat-Italic.ttf"; path = "../app/theme/fonts/Montserrat-Italic.ttf"; sourceTree = "<group>"; fileEncoding = undefined; lastKnownFileType = unknown; explicitFileType = undefined; includeInIndex = 0; };
		2C29856E286B4FB29A9D54F3 /* Montserrat-Light.ttf */ = {isa = PBXFileReference; name = "Montserrat-Light.ttf"; path = "../app/theme/fonts/Montserrat-Light.ttf"; sourceTree = "<group>"; fileEncoding = undefined; lastKnownFileType = unknown; explicitFileType = undefined; includeInIndex = 0; };
		D074B1C34BBF48FF8AB7351D /* Montserrat-LightItalic.ttf */ = {isa = PBXFileReference; name = "Montserrat-LightItalic.ttf"; path = "../app/theme/fonts/Montserrat-LightItalic.ttf"; sourceTree = "<group>"; fileEncoding = undefined; lastKnownFileType = unknown; explicitFileType = undefined; includeInIndex = 0; };
		3810F134275D47E4A5B1FBA0 /* Montserrat-Medium.ttf */ = {isa = PBXFileReference; name = "Montserrat-Medium.ttf"; path = "../app/theme/fonts/Montserrat-Medium.ttf"; sourceTree = "<group>"; fileEncoding = undefined; lastKnownFileType = unknown; explicitFileType = undefined; includeInIndex = 0; };
		F06C78FD3AB64E3E8D6AFD38 /* Montserrat-MediumItalic.ttf */ = {isa = PBXFileReference; name = "Montserrat-MediumItalic.ttf"; path = "../app/theme/fonts/Montserrat-MediumItalic.ttf"; sourceTree = "<group>"; fileEncoding = undefined; lastKnownFileType = unknown; explicitFileType = undefined; includeInIndex = 0; };
		55BE2C9EFF814CB4BFA4F906 /* Montserrat-Regular.ttf */ = {isa = PBXFileReference; name = "Montserrat-Regular.ttf"; path = "../app/theme/fonts/Montserrat-Regular.ttf"; sourceTree = "<group>"; fileEncoding = undefined; lastKnownFileType = unknown; explicitFileType = undefined; includeInIndex = 0; };
		6F24AC42941F4470B5EA6342 /* Montserrat-SemiBold.ttf */ = {isa = PBXFileReference; name = "Montserrat-SemiBold.ttf"; path = "../app/theme/fonts/Montserrat-SemiBold.ttf"; sourceTree = "<group>"; fileEncoding = undefined; lastKnownFileType = unknown; explicitFileType = undefined; includeInIndex = 0; };
		49412946F8FD4DADAF221F34 /* Montserrat-SemiBoldItalic.ttf */ = {isa = PBXFileReference; name = "Montserrat-SemiBoldItalic.ttf"; path = "../app/theme/fonts/Montserrat-SemiBoldItalic.ttf"; sourceTree = "<group>"; fileEncoding = undefined; lastKnownFileType = unknown; explicitFileType = undefined; includeInIndex = 0; };
		AA35DE0DF6DB43AA8A057406 /* Montserrat-Thin.ttf */ = {isa = PBXFileReference; name = "Montserrat-Thin.ttf"; path = "../app/theme/fonts/Montserrat-Thin.ttf"; sourceTree = "<group>"; fileEncoding = undefined; lastKnownFileType = unknown; explicitFileType = undefined; includeInIndex = 0; };
		1E8EE93F6CFA4C41BF13A239 /* Montserrat-ThinItalic.ttf */ = {isa = PBXFileReference; name = "Montserrat-ThinItalic.ttf"; path = "../app/theme/fonts/Montserrat-ThinItalic.ttf"; sourceTree = "<group>"; fileEncoding = undefined; lastKnownFileType = unknown; explicitFileType = undefined; includeInIndex = 0; };
		420DC35E65CD4F749F9EFBD3 /* Gotham-Bold.ttf */ = {isa = PBXFileReference; name = "Gotham-Bold.ttf"; path = "../app/theme/fonts/Gotham-Bold.ttf"; sourceTree = "<group>"; fileEncoding = undefined; lastKnownFileType = unknown; explicitFileType = undefined; includeInIndex = 0; };
		02B9241401774FAA9E03B882 /* Gotham-BoldItalic.ttf */ = {isa = PBXFileReference; name = "Gotham-BoldItalic.ttf"; path = "../app/theme/fonts/Gotham-BoldItalic.ttf"; sourceTree = "<group>"; fileEncoding = undefined; lastKnownFileType = unknown; explicitFileType = undefined; includeInIndex = 0; };
		73056317C42242B6BFCDCBCE /* Gotham-Book.ttf */ = {isa = PBXFileReference; name = "Gotham-Book.ttf"; path = "../app/theme/fonts/Gotham-Book.ttf"; sourceTree = "<group>"; fileEncoding = undefined; lastKnownFileType = unknown; explicitFileType = undefined; includeInIndex = 0; };
		4D0BC13B0BD94DF081558732 /* Gotham-BookItalic.ttf */ = {isa = PBXFileReference; name = "Gotham-BookItalic.ttf"; path = "../app/theme/fonts/Gotham-BookItalic.ttf"; sourceTree = "<group>"; fileEncoding = undefined; lastKnownFileType = unknown; explicitFileType = undefined; includeInIndex = 0; };
		18A73F7BC68640ADBDA3FF39 /* Gotham-Light.ttf */ = {isa = PBXFileReference; name = "Gotham-Light.ttf"; path = "../app/theme/fonts/Gotham-Light.ttf"; sourceTree = "<group>"; fileEncoding = undefined; lastKnownFileType = unknown; explicitFileType = undefined; includeInIndex = 0; };
		7642BCB8EF7848D1B7BD9F1F /* Gotham-LightItalic.ttf */ = {isa = PBXFileReference; name = "Gotham-LightItalic.ttf"; path = "../app/theme/fonts/Gotham-LightItalic.ttf"; sourceTree = "<group>"; fileEncoding = undefined; lastKnownFileType = unknown; explicitFileType = undefined; includeInIndex = 0; };
		E214C0450436411B8BA2CC14 /* Gotham-Medium_1.ttf */ = {isa = PBXFileReference; name = "Gotham-Medium_1.ttf"; path = "../app/theme/fonts/Gotham-Medium_1.ttf"; sourceTree = "<group>"; fileEncoding = undefined; lastKnownFileType = unknown; explicitFileType = undefined; includeInIndex = 0; };
		635BBBF3F5DF408CA27421D6 /* Gotham-Medium.ttf */ = {isa = PBXFileReference; name = "Gotham-Medium.ttf"; path = "../app/theme/fonts/Gotham-Medium.ttf"; sourceTree = "<group>"; fileEncoding = undefined; lastKnownFileType = unknown; explicitFileType = undefined; includeInIndex = 0; };
		10BCB3EB87884856B8DA3CC1 /* Gotham-MediumItalic.ttf */ = {isa = PBXFileReference; name = "Gotham-MediumItalic.ttf"; path = "../app/theme/fonts/Gotham-MediumItalic.ttf"; sourceTree = "<group>"; fileEncoding = undefined; lastKnownFileType = unknown; explicitFileType = undefined; includeInIndex = 0; };
		6D6F9763457840AC874F476F /* Gotham-Black.otf */ = {isa = PBXFileReference; name = "Gotham-Black.otf"; path = "../app/theme/fonts/Gotham-Black.otf"; sourceTree = "<group>"; fileEncoding = undefined; lastKnownFileType = unknown; explicitFileType = undefined; includeInIndex = 0; };
		8B9CD6C9A9184E8FA5693AAB /* Gotham-Bold.otf */ = {isa = PBXFileReference; name = "Gotham-Bold.otf"; path = "../app/theme/fonts/Gotham-Bold.otf"; sourceTree = "<group>"; fileEncoding = undefined; lastKnownFileType = unknown; explicitFileType = undefined; includeInIndex = 0; };
		D1E3C642F8FA48E89BFBDDC8 /* Gotham-BookItalic.otf */ = {isa = PBXFileReference; name = "Gotham-BookItalic.otf"; path = "../app/theme/fonts/Gotham-BookItalic.otf"; sourceTree = "<group>"; fileEncoding = undefined; lastKnownFileType = unknown; explicitFileType = undefined; includeInIndex = 0; };
		E25FB4CF35B544ED808046E0 /* Gotham-Light.otf */ = {isa = PBXFileReference; name = "Gotham-Light.otf"; path = "../app/theme/fonts/Gotham-Light.otf"; sourceTree = "<group>"; fileEncoding = undefined; lastKnownFileType = unknown; explicitFileType = undefined; includeInIndex = 0; };
		F23AB60175D34E6FA44DD737 /* Gotham-Thin.otf */ = {isa = PBXFileReference; name = "Gotham-Thin.otf"; path = "../app/theme/fonts/Gotham-Thin.otf"; sourceTree = "<group>"; fileEncoding = undefined; lastKnownFileType = unknown; explicitFileType = undefined; includeInIndex = 0; };
		AAB369B5C4AC48419F661973 /* Gotham-ThinItalic.otf */ = {isa = PBXFileReference; name = "Gotham-ThinItalic.otf"; path = "../app/theme/fonts/Gotham-ThinItalic.otf"; sourceTree = "<group>"; fileEncoding = undefined; lastKnownFileType = unknown; explicitFileType = undefined; includeInIndex = 0; };
		9DDD50199A224C249817A7F4 /* Gotham-UltraItalic.otf */ = {isa = PBXFileReference; name = "Gotham-UltraItalic.otf"; path = "../app/theme/fonts/Gotham-UltraItalic.otf"; sourceTree = "<group>"; fileEncoding = undefined; lastKnownFileType = unknown; explicitFileType = undefined; includeInIndex = 0; };
		CBBF292FD98D4DFC96252D36 /* Gotham-XLight.otf */ = {isa = PBXFileReference; name = "Gotham-XLight.otf"; path = "../app/theme/fonts/Gotham-XLight.otf"; sourceTree = "<group>"; fileEncoding = undefined; lastKnownFileType = unknown; explicitFileType = undefined; includeInIndex = 0; };
		CEAED6161FE648CDA7FFB409 /* Gotham-XLightItalic.otf */ = {isa = PBXFileReference; name = "Gotham-XLightItalic.otf"; path = "../app/theme/fonts/Gotham-XLightItalic.otf"; sourceTree = "<group>"; fileEncoding = undefined; lastKnownFileType = unknown; explicitFileType = undefined; includeInIndex = 0; };
/* End PBXFileReference section */

/* Begin PBXFrameworksBuildPhase section */
		00E356EB1AD99517003FC87E /* Frameworks */ = {
			isa = PBXFrameworksBuildPhase;
			buildActionMask = 2147483647;
			files = (
				0090A400E8D0AADEF7534A62 /* libPods-NeuPlayerTests.a in Frameworks */,
			);
			runOnlyForDeploymentPostprocessing = 0;
		};
		13B07F8C1A680F5B00A75B9A /* Frameworks */ = {
			isa = PBXFrameworksBuildPhase;
			buildActionMask = 2147483647;
			files = (
				28E913BF65CD68E7324C6539 /* libPods-NeuPlayer.a in Frameworks */,
			);
			runOnlyForDeploymentPostprocessing = 0;
		};
		2D02E4781E0B4A5D006451C7 /* Frameworks */ = {
			isa = PBXFrameworksBuildPhase;
			buildActionMask = 2147483647;
			files = (
				CA11E4256C456614B9193F6B /* libPods-NeuPlayer-tvOS.a in Frameworks */,
			);
			runOnlyForDeploymentPostprocessing = 0;
		};
		2D02E48D1E0B4A5D006451C7 /* Frameworks */ = {
			isa = PBXFrameworksBuildPhase;
			buildActionMask = 2147483647;
			files = (
				BED7D388673FEA77E5A347B3 /* libPods-NeuPlayer-tvOSTests.a in Frameworks */,
			);
			runOnlyForDeploymentPostprocessing = 0;
		};
/* End PBXFrameworksBuildPhase section */

/* Begin PBXGroup section */
		00E356EF1AD99517003FC87E /* NeuPlayerTests */ = {
			isa = PBXGroup;
			children = (
				00E356F21AD99517003FC87E /* NeuPlayerTests.m */,
				00E356F01AD99517003FC87E /* Supporting Files */,
			);
			path = NeuPlayerTests;
			sourceTree = "<group>";
		};
		00E356F01AD99517003FC87E /* Supporting Files */ = {
			isa = PBXGroup;
			children = (
				00E356F11AD99517003FC87E /* Info.plist */,
			);
			name = "Supporting Files";
			sourceTree = "<group>";
		};
		13B07FAE1A68108700A75B9A /* NeuPlayer */ = {
			isa = PBXGroup;
			children = (
				008F07F21AC5B25A0029DE68 /* main.jsbundle */,
				13B07FAF1A68108700A75B9A /* AppDelegate.h */,
				13B07FB01A68108700A75B9A /* AppDelegate.m */,
				13B07FB51A68108700A75B9A /* Images.xcassets */,
				13B07FB61A68108700A75B9A /* Info.plist */,
				13B07FB11A68108700A75B9A /* LaunchScreen.xib */,
				13B07FB71A68108700A75B9A /* main.m */,
			);
			name = NeuPlayer;
			sourceTree = "<group>";
		};
		2D16E6871FA4F8E400B85C8A /* Frameworks */ = {
			isa = PBXGroup;
			children = (
				ED297162215061F000B7C4FE /* JavaScriptCore.framework */,
				ED2971642150620600B7C4FE /* JavaScriptCore.framework */,
				6873B3D5F885CE1A0215B7FA /* libPods-NeuPlayer.a */,
				EF6AFA102C6998F3E4E286DF /* libPods-NeuPlayer-tvOS.a */,
				A740761424B5B9207EF79070 /* libPods-NeuPlayer-tvOSTests.a */,
				98274D2BE964447B9B239033 /* libPods-NeuPlayerTests.a */,
			);
			name = Frameworks;
			sourceTree = "<group>";
		};
		6F878B862E75CF9FB649ABD0 /* Pods */ = {
			isa = PBXGroup;
			children = (
				DC77A8E58CA10C0043E71C55 /* Pods-NeuPlayer.debug.xcconfig */,
				1D7C281930AAD6F57648A30E /* Pods-NeuPlayer.release.xcconfig */,
				E8DBBBD9685CF949E2F3EBAB /* Pods-NeuPlayer-tvOS.debug.xcconfig */,
				67FF26DB113CC9BDE0CDC44B /* Pods-NeuPlayer-tvOS.release.xcconfig */,
				9ACB0CCE9E9DE25712161AFE /* Pods-NeuPlayer-tvOSTests.debug.xcconfig */,
				11052784588A85ECF7D94F90 /* Pods-NeuPlayer-tvOSTests.release.xcconfig */,
				2987CD54309FA25215720280 /* Pods-NeuPlayerTests.debug.xcconfig */,
				9D9DA8EA6F43BA4FD1F7E9A8 /* Pods-NeuPlayerTests.release.xcconfig */,
			);
			name = Pods;
			path = Pods;
			sourceTree = "<group>";
		};
		832341AE1AAA6A7D00B99B32 /* Libraries */ = {
			isa = PBXGroup;
			children = (
			);
			name = Libraries;
			sourceTree = "<group>";
		};
		83CBB9F61A601CBA00E9B192 = {
			isa = PBXGroup;
			children = (
				13B07FAE1A68108700A75B9A /* NeuPlayer */,
				832341AE1AAA6A7D00B99B32 /* Libraries */,
				00E356EF1AD99517003FC87E /* NeuPlayerTests */,
				83CBBA001A601CBA00E9B192 /* Products */,
				2D16E6871FA4F8E400B85C8A /* Frameworks */,
				6F878B862E75CF9FB649ABD0 /* Pods */,
				53FAD05E885C46A6804D5A97 /* Resources */,
			);
			indentWidth = 2;
			sourceTree = "<group>";
			tabWidth = 2;
			usesTabs = 0;
		};
		83CBBA001A601CBA00E9B192 /* Products */ = {
			isa = PBXGroup;
			children = (
				13B07F961A680F5B00A75B9A /* NeuPlayer.app */,
				00E356EE1AD99517003FC87E /* NeuPlayerTests.xctest */,
				2D02E47B1E0B4A5D006451C7 /* NeuPlayer-tvOS.app */,
				2D02E4901E0B4A5D006451C7 /* NeuPlayer-tvOSTests.xctest */,
			);
			name = Products;
			sourceTree = "<group>";
		};
		53FAD05E885C46A6804D5A97 /* Resources */ = {
			isa = "PBXGroup";
			children = (
				A21CF6D3EE9D4E75BF9600BF /* Montserrat-Black.ttf */,
				8C4344DEBD484FE9AC997C2D /* Montserrat-BlackItalic.ttf */,
				6751AD8980EE4C62A5B1487F /* Montserrat-Bold.ttf */,
				F0BE3C1A5E7E4C219F8CC87F /* Montserrat-BoldItalic.ttf */,
				4053AFE2ECD54D6C81C22189 /* Montserrat-ExtraBold.ttf */,
				266F91424D7948CE92FC4A99 /* Montserrat-ExtraBoldItalic.ttf */,
				C11CB5B5DFF345648E0BC35D /* Montserrat-ExtraLight.ttf */,
				DE51A3AB67DA400981A21D23 /* Montserrat-ExtraLightItalic.ttf */,
				722691A36F7844B3AC68BD26 /* Montserrat-Italic.ttf */,
				2C29856E286B4FB29A9D54F3 /* Montserrat-Light.ttf */,
				D074B1C34BBF48FF8AB7351D /* Montserrat-LightItalic.ttf */,
				3810F134275D47E4A5B1FBA0 /* Montserrat-Medium.ttf */,
				F06C78FD3AB64E3E8D6AFD38 /* Montserrat-MediumItalic.ttf */,
				55BE2C9EFF814CB4BFA4F906 /* Montserrat-Regular.ttf */,
				6F24AC42941F4470B5EA6342 /* Montserrat-SemiBold.ttf */,
				49412946F8FD4DADAF221F34 /* Montserrat-SemiBoldItalic.ttf */,
				AA35DE0DF6DB43AA8A057406 /* Montserrat-Thin.ttf */,
				1E8EE93F6CFA4C41BF13A239 /* Montserrat-ThinItalic.ttf */,
				420DC35E65CD4F749F9EFBD3 /* Gotham-Bold.ttf */,
				02B9241401774FAA9E03B882 /* Gotham-BoldItalic.ttf */,
				73056317C42242B6BFCDCBCE /* Gotham-Book.ttf */,
				4D0BC13B0BD94DF081558732 /* Gotham-BookItalic.ttf */,
				18A73F7BC68640ADBDA3FF39 /* Gotham-Light.ttf */,
				7642BCB8EF7848D1B7BD9F1F /* Gotham-LightItalic.ttf */,
				E214C0450436411B8BA2CC14 /* Gotham-Medium_1.ttf */,
				635BBBF3F5DF408CA27421D6 /* Gotham-Medium.ttf */,
				10BCB3EB87884856B8DA3CC1 /* Gotham-MediumItalic.ttf */,
				6D6F9763457840AC874F476F /* Gotham-Black.otf */,
				8B9CD6C9A9184E8FA5693AAB /* Gotham-Bold.otf */,
				D1E3C642F8FA48E89BFBDDC8 /* Gotham-BookItalic.otf */,
				E25FB4CF35B544ED808046E0 /* Gotham-Light.otf */,
				F23AB60175D34E6FA44DD737 /* Gotham-Thin.otf */,
				AAB369B5C4AC48419F661973 /* Gotham-ThinItalic.otf */,
				9DDD50199A224C249817A7F4 /* Gotham-UltraItalic.otf */,
				CBBF292FD98D4DFC96252D36 /* Gotham-XLight.otf */,
				CEAED6161FE648CDA7FFB409 /* Gotham-XLightItalic.otf */,
			);
			name = Resources;
			sourceTree = "<group>";
			path = "";
		};
/* End PBXGroup section */

/* Begin PBXNativeTarget section */
		00E356ED1AD99517003FC87E /* NeuPlayerTests */ = {
			isa = PBXNativeTarget;
			buildConfigurationList = 00E357021AD99517003FC87E /* Build configuration list for PBXNativeTarget "NeuPlayerTests" */;
			buildPhases = (
				FA9D5B08948BB9FCE49709E6 /* [CP] Check Pods Manifest.lock */,
				00E356EA1AD99517003FC87E /* Sources */,
				00E356EB1AD99517003FC87E /* Frameworks */,
				00E356EC1AD99517003FC87E /* Resources */,
			);
			buildRules = (
			);
			dependencies = (
				00E356F51AD99517003FC87E /* PBXTargetDependency */,
			);
			name = NeuPlayerTests;
			productName = NeuPlayerTests;
			productReference = 00E356EE1AD99517003FC87E /* NeuPlayerTests.xctest */;
			productType = "com.apple.product-type.bundle.unit-test";
		};
		13B07F861A680F5B00A75B9A /* NeuPlayer */ = {
			isa = PBXNativeTarget;
			buildConfigurationList = 13B07F931A680F5B00A75B9A /* Build configuration list for PBXNativeTarget "NeuPlayer" */;
			buildPhases = (
				AD4E758A90CD6BFF3B92BCAA /* [CP] Check Pods Manifest.lock */,
				FD10A7F022414F080027D42C /* Start Packager */,
				13B07F871A680F5B00A75B9A /* Sources */,
				13B07F8C1A680F5B00A75B9A /* Frameworks */,
				13B07F8E1A680F5B00A75B9A /* Resources */,
				00DD1BFF1BD5951E006B06BC /* Bundle React Native code and images */,
			);
			buildRules = (
			);
			dependencies = (
			);
			name = NeuPlayer;
			productName = NeuPlayer;
			productReference = 13B07F961A680F5B00A75B9A /* NeuPlayer.app */;
			productType = "com.apple.product-type.application";
		};
		2D02E47A1E0B4A5D006451C7 /* NeuPlayer-tvOS */ = {
			isa = PBXNativeTarget;
			buildConfigurationList = 2D02E4BA1E0B4A5E006451C7 /* Build configuration list for PBXNativeTarget "NeuPlayer-tvOS" */;
			buildPhases = (
				6B311568B28CA362E13BF07F /* [CP] Check Pods Manifest.lock */,
				FD10A7F122414F3F0027D42C /* Start Packager */,
				2D02E4771E0B4A5D006451C7 /* Sources */,
				2D02E4781E0B4A5D006451C7 /* Frameworks */,
				2D02E4791E0B4A5D006451C7 /* Resources */,
				2D02E4CB1E0B4B27006451C7 /* Bundle React Native Code And Images */,
			);
			buildRules = (
			);
			dependencies = (
			);
			name = "NeuPlayer-tvOS";
			productName = "NeuPlayer-tvOS";
			productReference = 2D02E47B1E0B4A5D006451C7 /* NeuPlayer-tvOS.app */;
			productType = "com.apple.product-type.application";
		};
		2D02E48F1E0B4A5D006451C7 /* NeuPlayer-tvOSTests */ = {
			isa = PBXNativeTarget;
			buildConfigurationList = 2D02E4BB1E0B4A5E006451C7 /* Build configuration list for PBXNativeTarget "NeuPlayer-tvOSTests" */;
			buildPhases = (
				25D6D30A8A899516C5593BE2 /* [CP] Check Pods Manifest.lock */,
				2D02E48C1E0B4A5D006451C7 /* Sources */,
				2D02E48D1E0B4A5D006451C7 /* Frameworks */,
				2D02E48E1E0B4A5D006451C7 /* Resources */,
			);
			buildRules = (
			);
			dependencies = (
				2D02E4921E0B4A5D006451C7 /* PBXTargetDependency */,
			);
			name = "NeuPlayer-tvOSTests";
			productName = "NeuPlayer-tvOSTests";
			productReference = 2D02E4901E0B4A5D006451C7 /* NeuPlayer-tvOSTests.xctest */;
			productType = "com.apple.product-type.bundle.unit-test";
		};
/* End PBXNativeTarget section */

/* Begin PBXProject section */
		83CBB9F71A601CBA00E9B192 /* Project object */ = {
			isa = PBXProject;
			attributes = {
				LastUpgradeCheck = 940;
				ORGANIZATIONNAME = Facebook;
				TargetAttributes = {
					00E356ED1AD99517003FC87E = {
						CreatedOnToolsVersion = 6.2;
						TestTargetID = 13B07F861A680F5B00A75B9A;
					};
					2D02E47A1E0B4A5D006451C7 = {
						CreatedOnToolsVersion = 8.2.1;
						ProvisioningStyle = Automatic;
					};
					2D02E48F1E0B4A5D006451C7 = {
						CreatedOnToolsVersion = 8.2.1;
						ProvisioningStyle = Automatic;
						TestTargetID = 2D02E47A1E0B4A5D006451C7;
					};
				};
			};
			buildConfigurationList = 83CBB9FA1A601CBA00E9B192 /* Build configuration list for PBXProject "NeuPlayer" */;
			compatibilityVersion = "Xcode 3.2";
			developmentRegion = English;
			hasScannedForEncodings = 0;
			knownRegions = (
				en,
				Base,
			);
			mainGroup = 83CBB9F61A601CBA00E9B192;
			productRefGroup = 83CBBA001A601CBA00E9B192 /* Products */;
			projectDirPath = "";
			projectRoot = "";
			targets = (
				13B07F861A680F5B00A75B9A /* NeuPlayer */,
				00E356ED1AD99517003FC87E /* NeuPlayerTests */,
				2D02E47A1E0B4A5D006451C7 /* NeuPlayer-tvOS */,
				2D02E48F1E0B4A5D006451C7 /* NeuPlayer-tvOSTests */,
			);
		};
/* End PBXProject section */

/* Begin PBXResourcesBuildPhase section */
		00E356EC1AD99517003FC87E /* Resources */ = {
			isa = PBXResourcesBuildPhase;
			buildActionMask = 2147483647;
			files = (
			);
			runOnlyForDeploymentPostprocessing = 0;
		};
		13B07F8E1A680F5B00A75B9A /* Resources */ = {
			isa = PBXResourcesBuildPhase;
			buildActionMask = 2147483647;
			files = (
				13B07FBF1A68108700A75B9A /* Images.xcassets in Resources */,
				13B07FBD1A68108700A75B9A /* LaunchScreen.xib in Resources */,
				81F78A21DBB144B4873F6C51 /* Montserrat-Black.ttf in Resources */,
				C24DED79E0FC4B5D879CC084 /* Montserrat-BlackItalic.ttf in Resources */,
				F1E8698F945B45B681E85A16 /* Montserrat-Bold.ttf in Resources */,
				A373A0DE59CD4447BEB1E268 /* Montserrat-BoldItalic.ttf in Resources */,
				A5893906D2DF4D65985A8248 /* Montserrat-ExtraBold.ttf in Resources */,
				0E5D9E2449D448A89E4497CF /* Montserrat-ExtraBoldItalic.ttf in Resources */,
				B40DF956A0EB47D4B78E3B40 /* Montserrat-ExtraLight.ttf in Resources */,
				CAF4E72DFBE547579AF4429E /* Montserrat-ExtraLightItalic.ttf in Resources */,
				EDF1BADE7604477C8F4A1A97 /* Montserrat-Italic.ttf in Resources */,
				7C866C2A962447209839BD4F /* Montserrat-Light.ttf in Resources */,
				2C262C16CECD4DD1A0A31689 /* Montserrat-LightItalic.ttf in Resources */,
				E4983A24E9EE41C487035698 /* Montserrat-Medium.ttf in Resources */,
				87F2C19497284D7691FA2A9A /* Montserrat-MediumItalic.ttf in Resources */,
				2460809962694BDAA65CD81A /* Montserrat-Regular.ttf in Resources */,
				87F77772EE0E4FBB8FF61DF4 /* Montserrat-SemiBold.ttf in Resources */,
				809044EB404343DC8DE5C2B6 /* Montserrat-SemiBoldItalic.ttf in Resources */,
				281A32832E2F43BEBFE9703B /* Montserrat-Thin.ttf in Resources */,
				F78557EFBD544B06BCEC4585 /* Montserrat-ThinItalic.ttf in Resources */,
				62F96306BD0E42AC86351365 /* Gotham-Bold.ttf in Resources */,
				7DD345CBE7D6424DB1F47C41 /* Gotham-BoldItalic.ttf in Resources */,
				0C874108C90F4418931A79C6 /* Gotham-Book.ttf in Resources */,
				CA88A234E7BC4F99800D8BFB /* Gotham-BookItalic.ttf in Resources */,
				20790947CC22435CB3FD324D /* Gotham-Light.ttf in Resources */,
				FF1A90FC07CF4E4695C09BC1 /* Gotham-LightItalic.ttf in Resources */,
				EB08DB65013941608D582877 /* Gotham-Medium_1.ttf in Resources */,
				604D6591034B4A99B50E22FA /* Gotham-Medium.ttf in Resources */,
				20828190E4AF4C11A2DE2A2E /* Gotham-MediumItalic.ttf in Resources */,
				76FE3D0EE4304A68AB460275 /* Gotham-Black.otf in Resources */,
				3FE6613FDF1E4FB38780615D /* Gotham-Bold.otf in Resources */,
				028A4BC433E04347B6B1A284 /* Gotham-BookItalic.otf in Resources */,
				85F8CB6438B5485380F512FB /* Gotham-Light.otf in Resources */,
				87D4FD9A78AF46648FB10054 /* Gotham-Thin.otf in Resources */,
				BDE0351695F34974944DC1ED /* Gotham-ThinItalic.otf in Resources */,
				9F7FBE7B0A594E79BEE6E1D6 /* Gotham-UltraItalic.otf in Resources */,
				C445B45BDE824E8E87375C1E /* Gotham-XLight.otf in Resources */,
				AD37E5666B85450EB2FC7932 /* Gotham-XLightItalic.otf in Resources */,
			);
			runOnlyForDeploymentPostprocessing = 0;
		};
		2D02E4791E0B4A5D006451C7 /* Resources */ = {
			isa = PBXResourcesBuildPhase;
			buildActionMask = 2147483647;
			files = (
				2D02E4BD1E0B4A84006451C7 /* Images.xcassets in Resources */,
			);
			runOnlyForDeploymentPostprocessing = 0;
		};
		2D02E48E1E0B4A5D006451C7 /* Resources */ = {
			isa = PBXResourcesBuildPhase;
			buildActionMask = 2147483647;
			files = (
			);
			runOnlyForDeploymentPostprocessing = 0;
		};
/* End PBXResourcesBuildPhase section */

/* Begin PBXShellScriptBuildPhase section */
		00DD1BFF1BD5951E006B06BC /* Bundle React Native code and images */ = {
			isa = PBXShellScriptBuildPhase;
			buildActionMask = 2147483647;
			files = (
			);
			inputPaths = (
			);
			name = "Bundle React Native code and images";
			outputPaths = (
			);
			runOnlyForDeploymentPostprocessing = 0;
			shellPath = /bin/sh;
			shellScript = "export NODE_BINARY=node\n../node_modules/react-native/scripts/react-native-xcode.sh";
		};
		25D6D30A8A899516C5593BE2 /* [CP] Check Pods Manifest.lock */ = {
			isa = PBXShellScriptBuildPhase;
			buildActionMask = 2147483647;
			files = (
			);
			inputFileListPaths = (
			);
			inputPaths = (
				"${PODS_PODFILE_DIR_PATH}/Podfile.lock",
				"${PODS_ROOT}/Manifest.lock",
			);
			name = "[CP] Check Pods Manifest.lock";
			outputFileListPaths = (
			);
			outputPaths = (
				"$(DERIVED_FILE_DIR)/Pods-NeuPlayer-tvOSTests-checkManifestLockResult.txt",
			);
			runOnlyForDeploymentPostprocessing = 0;
			shellPath = /bin/sh;
			shellScript = "diff \"${PODS_PODFILE_DIR_PATH}/Podfile.lock\" \"${PODS_ROOT}/Manifest.lock\" > /dev/null\nif [ $? != 0 ] ; then\n    # print error to STDERR\n    echo \"error: The sandbox is not in sync with the Podfile.lock. Run 'pod install' or update your CocoaPods installation.\" >&2\n    exit 1\nfi\n# This output is used by Xcode 'outputs' to avoid re-running this script phase.\necho \"SUCCESS\" > \"${SCRIPT_OUTPUT_FILE_0}\"\n";
			showEnvVarsInLog = 0;
		};
		2D02E4CB1E0B4B27006451C7 /* Bundle React Native Code And Images */ = {
			isa = PBXShellScriptBuildPhase;
			buildActionMask = 2147483647;
			files = (
			);
			inputPaths = (
			);
			name = "Bundle React Native Code And Images";
			outputPaths = (
			);
			runOnlyForDeploymentPostprocessing = 0;
			shellPath = /bin/sh;
			shellScript = "export NODE_BINARY=node\n../node_modules/react-native/scripts/react-native-xcode.sh";
		};
		6B311568B28CA362E13BF07F /* [CP] Check Pods Manifest.lock */ = {
			isa = PBXShellScriptBuildPhase;
			buildActionMask = 2147483647;
			files = (
			);
			inputFileListPaths = (
			);
			inputPaths = (
				"${PODS_PODFILE_DIR_PATH}/Podfile.lock",
				"${PODS_ROOT}/Manifest.lock",
			);
			name = "[CP] Check Pods Manifest.lock";
			outputFileListPaths = (
			);
			outputPaths = (
				"$(DERIVED_FILE_DIR)/Pods-NeuPlayer-tvOS-checkManifestLockResult.txt",
			);
			runOnlyForDeploymentPostprocessing = 0;
			shellPath = /bin/sh;
			shellScript = "diff \"${PODS_PODFILE_DIR_PATH}/Podfile.lock\" \"${PODS_ROOT}/Manifest.lock\" > /dev/null\nif [ $? != 0 ] ; then\n    # print error to STDERR\n    echo \"error: The sandbox is not in sync with the Podfile.lock. Run 'pod install' or update your CocoaPods installation.\" >&2\n    exit 1\nfi\n# This output is used by Xcode 'outputs' to avoid re-running this script phase.\necho \"SUCCESS\" > \"${SCRIPT_OUTPUT_FILE_0}\"\n";
			showEnvVarsInLog = 0;
		};
		AD4E758A90CD6BFF3B92BCAA /* [CP] Check Pods Manifest.lock */ = {
			isa = PBXShellScriptBuildPhase;
			buildActionMask = 2147483647;
			files = (
			);
			inputFileListPaths = (
			);
			inputPaths = (
				"${PODS_PODFILE_DIR_PATH}/Podfile.lock",
				"${PODS_ROOT}/Manifest.lock",
			);
			name = "[CP] Check Pods Manifest.lock";
			outputFileListPaths = (
			);
			outputPaths = (
				"$(DERIVED_FILE_DIR)/Pods-NeuPlayer-checkManifestLockResult.txt",
			);
			runOnlyForDeploymentPostprocessing = 0;
			shellPath = /bin/sh;
			shellScript = "diff \"${PODS_PODFILE_DIR_PATH}/Podfile.lock\" \"${PODS_ROOT}/Manifest.lock\" > /dev/null\nif [ $? != 0 ] ; then\n    # print error to STDERR\n    echo \"error: The sandbox is not in sync with the Podfile.lock. Run 'pod install' or update your CocoaPods installation.\" >&2\n    exit 1\nfi\n# This output is used by Xcode 'outputs' to avoid re-running this script phase.\necho \"SUCCESS\" > \"${SCRIPT_OUTPUT_FILE_0}\"\n";
			showEnvVarsInLog = 0;
		};
		FA9D5B08948BB9FCE49709E6 /* [CP] Check Pods Manifest.lock */ = {
			isa = PBXShellScriptBuildPhase;
			buildActionMask = 2147483647;
			files = (
			);
			inputFileListPaths = (
			);
			inputPaths = (
				"${PODS_PODFILE_DIR_PATH}/Podfile.lock",
				"${PODS_ROOT}/Manifest.lock",
			);
			name = "[CP] Check Pods Manifest.lock";
			outputFileListPaths = (
			);
			outputPaths = (
				"$(DERIVED_FILE_DIR)/Pods-NeuPlayerTests-checkManifestLockResult.txt",
			);
			runOnlyForDeploymentPostprocessing = 0;
			shellPath = /bin/sh;
			shellScript = "diff \"${PODS_PODFILE_DIR_PATH}/Podfile.lock\" \"${PODS_ROOT}/Manifest.lock\" > /dev/null\nif [ $? != 0 ] ; then\n    # print error to STDERR\n    echo \"error: The sandbox is not in sync with the Podfile.lock. Run 'pod install' or update your CocoaPods installation.\" >&2\n    exit 1\nfi\n# This output is used by Xcode 'outputs' to avoid re-running this script phase.\necho \"SUCCESS\" > \"${SCRIPT_OUTPUT_FILE_0}\"\n";
			showEnvVarsInLog = 0;
		};
		FD10A7F022414F080027D42C /* Start Packager */ = {
			isa = PBXShellScriptBuildPhase;
			buildActionMask = 2147483647;
			files = (
			);
			inputFileListPaths = (
			);
			inputPaths = (
			);
			name = "Start Packager";
			outputFileListPaths = (
			);
			outputPaths = (
			);
			runOnlyForDeploymentPostprocessing = 0;
			shellPath = /bin/sh;
			shellScript = "export RCT_METRO_PORT=\"${RCT_METRO_PORT:=8081}\"\necho \"export RCT_METRO_PORT=${RCT_METRO_PORT}\" > \"${SRCROOT}/../node_modules/react-native/scripts/.packager.env\"\nif [ -z \"${RCT_NO_LAUNCH_PACKAGER+xxx}\" ] ; then\n  if nc -w 5 -z localhost ${RCT_METRO_PORT} ; then\n    if ! curl -s \"http://localhost:${RCT_METRO_PORT}/status\" | grep -q \"packager-status:running\" ; then\n      echo \"Port ${RCT_METRO_PORT} already in use, packager is either not running or not running correctly\"\n      exit 2\n    fi\n  else\n    open \"$SRCROOT/../node_modules/react-native/scripts/launchPackager.command\" || echo \"Can't start packager automatically\"\n  fi\nfi\n";
			showEnvVarsInLog = 0;
		};
		FD10A7F122414F3F0027D42C /* Start Packager */ = {
			isa = PBXShellScriptBuildPhase;
			buildActionMask = 2147483647;
			files = (
			);
			inputFileListPaths = (
			);
			inputPaths = (
			);
			name = "Start Packager";
			outputFileListPaths = (
			);
			outputPaths = (
			);
			runOnlyForDeploymentPostprocessing = 0;
			shellPath = /bin/sh;
			shellScript = "export RCT_METRO_PORT=\"${RCT_METRO_PORT:=8081}\"\necho \"export RCT_METRO_PORT=${RCT_METRO_PORT}\" > \"${SRCROOT}/../node_modules/react-native/scripts/.packager.env\"\nif [ -z \"${RCT_NO_LAUNCH_PACKAGER+xxx}\" ] ; then\n  if nc -w 5 -z localhost ${RCT_METRO_PORT} ; then\n    if ! curl -s \"http://localhost:${RCT_METRO_PORT}/status\" | grep -q \"packager-status:running\" ; then\n      echo \"Port ${RCT_METRO_PORT} already in use, packager is either not running or not running correctly\"\n      exit 2\n    fi\n  else\n    open \"$SRCROOT/../node_modules/react-native/scripts/launchPackager.command\" || echo \"Can't start packager automatically\"\n  fi\nfi\n";
			showEnvVarsInLog = 0;
		};
/* End PBXShellScriptBuildPhase section */

/* Begin PBXSourcesBuildPhase section */
		00E356EA1AD99517003FC87E /* Sources */ = {
			isa = PBXSourcesBuildPhase;
			buildActionMask = 2147483647;
			files = (
				00E356F31AD99517003FC87E /* NeuPlayerTests.m in Sources */,
			);
			runOnlyForDeploymentPostprocessing = 0;
		};
		13B07F871A680F5B00A75B9A /* Sources */ = {
			isa = PBXSourcesBuildPhase;
			buildActionMask = 2147483647;
			files = (
				13B07FBC1A68108700A75B9A /* AppDelegate.m in Sources */,
				13B07FC11A68108700A75B9A /* main.m in Sources */,
			);
			runOnlyForDeploymentPostprocessing = 0;
		};
		2D02E4771E0B4A5D006451C7 /* Sources */ = {
			isa = PBXSourcesBuildPhase;
			buildActionMask = 2147483647;
			files = (
				2D02E4BF1E0B4AB3006451C7 /* main.m in Sources */,
				2D02E4BC1E0B4A80006451C7 /* AppDelegate.m in Sources */,
			);
			runOnlyForDeploymentPostprocessing = 0;
		};
		2D02E48C1E0B4A5D006451C7 /* Sources */ = {
			isa = PBXSourcesBuildPhase;
			buildActionMask = 2147483647;
			files = (
				2DCD954D1E0B4F2C00145EB5 /* NeuPlayerTests.m in Sources */,
			);
			runOnlyForDeploymentPostprocessing = 0;
		};
/* End PBXSourcesBuildPhase section */

/* Begin PBXTargetDependency section */
		00E356F51AD99517003FC87E /* PBXTargetDependency */ = {
			isa = PBXTargetDependency;
			target = 13B07F861A680F5B00A75B9A /* NeuPlayer */;
			targetProxy = 00E356F41AD99517003FC87E /* PBXContainerItemProxy */;
		};
		2D02E4921E0B4A5D006451C7 /* PBXTargetDependency */ = {
			isa = PBXTargetDependency;
			target = 2D02E47A1E0B4A5D006451C7 /* NeuPlayer-tvOS */;
			targetProxy = 2D02E4911E0B4A5D006451C7 /* PBXContainerItemProxy */;
		};
/* End PBXTargetDependency section */

/* Begin PBXVariantGroup section */
		13B07FB11A68108700A75B9A /* LaunchScreen.xib */ = {
			isa = PBXVariantGroup;
			children = (
				13B07FB21A68108700A75B9A /* Base */,
			);
			name = LaunchScreen.xib;
			path = NeuPlayer;
			sourceTree = "<group>";
		};
/* End PBXVariantGroup section */

/* Begin XCBuildConfiguration section */
		00E356F61AD99517003FC87E /* Debug */ = {
			isa = XCBuildConfiguration;
			baseConfigurationReference = 2987CD54309FA25215720280 /* Pods-NeuPlayerTests.debug.xcconfig */;
			buildSettings = {
				BUNDLE_LOADER = "$(TEST_HOST)";
				GCC_PREPROCESSOR_DEFINITIONS = (
					"DEBUG=1",
					"$(inherited)",
				);
				INFOPLIST_FILE = NeuPlayerTests/Info.plist;
				IPHONEOS_DEPLOYMENT_TARGET = 9.0;
				LD_RUNPATH_SEARCH_PATHS = "$(inherited) @executable_path/Frameworks @loader_path/Frameworks";
				OTHER_LDFLAGS = (
					"-ObjC",
					"-lc++",
					"$(inherited)",
				);
				PRODUCT_BUNDLE_IDENTIFIER = "org.reactjs.native.example.$(PRODUCT_NAME:rfc1034identifier)";
				PRODUCT_NAME = "$(TARGET_NAME)";
				TEST_HOST = "$(BUILT_PRODUCTS_DIR)/NeuPlayer.app/NeuPlayer";
			};
			name = Debug;
		};
		00E356F71AD99517003FC87E /* Release */ = {
			isa = XCBuildConfiguration;
			baseConfigurationReference = 9D9DA8EA6F43BA4FD1F7E9A8 /* Pods-NeuPlayerTests.release.xcconfig */;
			buildSettings = {
				BUNDLE_LOADER = "$(TEST_HOST)";
				COPY_PHASE_STRIP = NO;
				INFOPLIST_FILE = NeuPlayerTests/Info.plist;
				IPHONEOS_DEPLOYMENT_TARGET = 9.0;
				LD_RUNPATH_SEARCH_PATHS = "$(inherited) @executable_path/Frameworks @loader_path/Frameworks";
				OTHER_LDFLAGS = (
					"-ObjC",
					"-lc++",
					"$(inherited)",
				);
				PRODUCT_BUNDLE_IDENTIFIER = "org.reactjs.native.example.$(PRODUCT_NAME:rfc1034identifier)";
				PRODUCT_NAME = "$(TARGET_NAME)";
				TEST_HOST = "$(BUILT_PRODUCTS_DIR)/NeuPlayer.app/NeuPlayer";
			};
			name = Release;
		};
		13B07F941A680F5B00A75B9A /* Debug */ = {
			isa = XCBuildConfiguration;
			baseConfigurationReference = DC77A8E58CA10C0043E71C55 /* Pods-NeuPlayer.debug.xcconfig */;
			buildSettings = {
				ASSETCATALOG_COMPILER_APPICON_NAME = AppIcon;
				CURRENT_PROJECT_VERSION = 1;
				DEAD_CODE_STRIPPING = NO;
				INFOPLIST_FILE = NeuPlayer/Info.plist;
				LD_RUNPATH_SEARCH_PATHS = "$(inherited) @executable_path/Frameworks";
				OTHER_LDFLAGS = (
					"$(inherited)",
					"-ObjC",
					"-lc++",
				);
				PRODUCT_BUNDLE_IDENTIFIER = "org.reactjs.native.example.$(PRODUCT_NAME:rfc1034identifier)";
				PRODUCT_NAME = NeuPlayer;
				VERSIONING_SYSTEM = "apple-generic";
			};
			name = Debug;
		};
		13B07F951A680F5B00A75B9A /* Release */ = {
			isa = XCBuildConfiguration;
			baseConfigurationReference = 1D7C281930AAD6F57648A30E /* Pods-NeuPlayer.release.xcconfig */;
			buildSettings = {
				ASSETCATALOG_COMPILER_APPICON_NAME = AppIcon;
				CURRENT_PROJECT_VERSION = 1;
				INFOPLIST_FILE = NeuPlayer/Info.plist;
				LD_RUNPATH_SEARCH_PATHS = "$(inherited) @executable_path/Frameworks";
				OTHER_LDFLAGS = (
					"$(inherited)",
					"-ObjC",
					"-lc++",
				);
				PRODUCT_BUNDLE_IDENTIFIER = "org.reactjs.native.example.$(PRODUCT_NAME:rfc1034identifier)";
				PRODUCT_NAME = NeuPlayer;
				VERSIONING_SYSTEM = "apple-generic";
			};
			name = Release;
		};
		2D02E4971E0B4A5E006451C7 /* Debug */ = {
			isa = XCBuildConfiguration;
			baseConfigurationReference = E8DBBBD9685CF949E2F3EBAB /* Pods-NeuPlayer-tvOS.debug.xcconfig */;
			buildSettings = {
				ASSETCATALOG_COMPILER_APPICON_NAME = "App Icon & Top Shelf Image";
				ASSETCATALOG_COMPILER_LAUNCHIMAGE_NAME = LaunchImage;
				CLANG_ANALYZER_NONNULL = YES;
				CLANG_WARN_DOCUMENTATION_COMMENTS = YES;
				CLANG_WARN_INFINITE_RECURSION = YES;
				CLANG_WARN_SUSPICIOUS_MOVE = YES;
				DEBUG_INFORMATION_FORMAT = dwarf;
				ENABLE_TESTABILITY = YES;
				GCC_NO_COMMON_BLOCKS = YES;
				INFOPLIST_FILE = "NeuPlayer-tvOS/Info.plist";
				LD_RUNPATH_SEARCH_PATHS = "$(inherited) @executable_path/Frameworks";
				OTHER_LDFLAGS = (
					"$(inherited)",
					"-ObjC",
					"-lc++",
				);
				PRODUCT_BUNDLE_IDENTIFIER = "com.facebook.REACT.NeuPlayer-tvOS";
				PRODUCT_NAME = "$(TARGET_NAME)";
				SDKROOT = appletvos;
				TARGETED_DEVICE_FAMILY = 3;
				TVOS_DEPLOYMENT_TARGET = 9.2;
			};
			name = Debug;
		};
		2D02E4981E0B4A5E006451C7 /* Release */ = {
			isa = XCBuildConfiguration;
			baseConfigurationReference = 67FF26DB113CC9BDE0CDC44B /* Pods-NeuPlayer-tvOS.release.xcconfig */;
			buildSettings = {
				ASSETCATALOG_COMPILER_APPICON_NAME = "App Icon & Top Shelf Image";
				ASSETCATALOG_COMPILER_LAUNCHIMAGE_NAME = LaunchImage;
				CLANG_ANALYZER_NONNULL = YES;
				CLANG_WARN_DOCUMENTATION_COMMENTS = YES;
				CLANG_WARN_INFINITE_RECURSION = YES;
				CLANG_WARN_SUSPICIOUS_MOVE = YES;
				COPY_PHASE_STRIP = NO;
				DEBUG_INFORMATION_FORMAT = "dwarf-with-dsym";
				GCC_NO_COMMON_BLOCKS = YES;
				INFOPLIST_FILE = "NeuPlayer-tvOS/Info.plist";
				LD_RUNPATH_SEARCH_PATHS = "$(inherited) @executable_path/Frameworks";
				OTHER_LDFLAGS = (
					"$(inherited)",
					"-ObjC",
					"-lc++",
				);
				PRODUCT_BUNDLE_IDENTIFIER = "com.facebook.REACT.NeuPlayer-tvOS";
				PRODUCT_NAME = "$(TARGET_NAME)";
				SDKROOT = appletvos;
				TARGETED_DEVICE_FAMILY = 3;
				TVOS_DEPLOYMENT_TARGET = 9.2;
			};
			name = Release;
		};
		2D02E4991E0B4A5E006451C7 /* Debug */ = {
			isa = XCBuildConfiguration;
			baseConfigurationReference = 9ACB0CCE9E9DE25712161AFE /* Pods-NeuPlayer-tvOSTests.debug.xcconfig */;
			buildSettings = {
				BUNDLE_LOADER = "$(TEST_HOST)";
				CLANG_ANALYZER_NONNULL = YES;
				CLANG_WARN_DOCUMENTATION_COMMENTS = YES;
				CLANG_WARN_INFINITE_RECURSION = YES;
				CLANG_WARN_SUSPICIOUS_MOVE = YES;
				DEBUG_INFORMATION_FORMAT = dwarf;
				ENABLE_TESTABILITY = YES;
				GCC_NO_COMMON_BLOCKS = YES;
				INFOPLIST_FILE = "NeuPlayer-tvOSTests/Info.plist";
				LD_RUNPATH_SEARCH_PATHS = "$(inherited) @executable_path/Frameworks @loader_path/Frameworks";
				OTHER_LDFLAGS = (
					"$(inherited)",
					"-ObjC",
					"-lc++",
				);
				PRODUCT_BUNDLE_IDENTIFIER = "com.facebook.REACT.NeuPlayer-tvOSTests";
				PRODUCT_NAME = "$(TARGET_NAME)";
				SDKROOT = appletvos;
				TEST_HOST = "$(BUILT_PRODUCTS_DIR)/NeuPlayer-tvOS.app/NeuPlayer-tvOS";
				TVOS_DEPLOYMENT_TARGET = 10.1;
			};
			name = Debug;
		};
		2D02E49A1E0B4A5E006451C7 /* Release */ = {
			isa = XCBuildConfiguration;
			baseConfigurationReference = 11052784588A85ECF7D94F90 /* Pods-NeuPlayer-tvOSTests.release.xcconfig */;
			buildSettings = {
				BUNDLE_LOADER = "$(TEST_HOST)";
				CLANG_ANALYZER_NONNULL = YES;
				CLANG_WARN_DOCUMENTATION_COMMENTS = YES;
				CLANG_WARN_INFINITE_RECURSION = YES;
				CLANG_WARN_SUSPICIOUS_MOVE = YES;
				COPY_PHASE_STRIP = NO;
				DEBUG_INFORMATION_FORMAT = "dwarf-with-dsym";
				GCC_NO_COMMON_BLOCKS = YES;
				INFOPLIST_FILE = "NeuPlayer-tvOSTests/Info.plist";
				LD_RUNPATH_SEARCH_PATHS = "$(inherited) @executable_path/Frameworks @loader_path/Frameworks";
				OTHER_LDFLAGS = (
					"$(inherited)",
					"-ObjC",
					"-lc++",
				);
				PRODUCT_BUNDLE_IDENTIFIER = "com.facebook.REACT.NeuPlayer-tvOSTests";
				PRODUCT_NAME = "$(TARGET_NAME)";
				SDKROOT = appletvos;
				TEST_HOST = "$(BUILT_PRODUCTS_DIR)/NeuPlayer-tvOS.app/NeuPlayer-tvOS";
				TVOS_DEPLOYMENT_TARGET = 10.1;
			};
			name = Release;
		};
		83CBBA201A601CBA00E9B192 /* Debug */ = {
			isa = XCBuildConfiguration;
			buildSettings = {
				ALWAYS_SEARCH_USER_PATHS = NO;
				CLANG_CXX_LANGUAGE_STANDARD = "gnu++0x";
				CLANG_CXX_LIBRARY = "libc++";
				CLANG_ENABLE_MODULES = YES;
				CLANG_ENABLE_OBJC_ARC = YES;
				CLANG_WARN_BLOCK_CAPTURE_AUTORELEASING = YES;
				CLANG_WARN_BOOL_CONVERSION = YES;
				CLANG_WARN_COMMA = YES;
				CLANG_WARN_CONSTANT_CONVERSION = YES;
				CLANG_WARN_DEPRECATED_OBJC_IMPLEMENTATIONS = YES;
				CLANG_WARN_DIRECT_OBJC_ISA_USAGE = YES_ERROR;
				CLANG_WARN_EMPTY_BODY = YES;
				CLANG_WARN_ENUM_CONVERSION = YES;
				CLANG_WARN_INFINITE_RECURSION = YES;
				CLANG_WARN_INT_CONVERSION = YES;
				CLANG_WARN_NON_LITERAL_NULL_CONVERSION = YES;
				CLANG_WARN_OBJC_IMPLICIT_RETAIN_SELF = YES;
				CLANG_WARN_OBJC_LITERAL_CONVERSION = YES;
				CLANG_WARN_OBJC_ROOT_CLASS = YES_ERROR;
				CLANG_WARN_RANGE_LOOP_ANALYSIS = YES;
				CLANG_WARN_STRICT_PROTOTYPES = YES;
				CLANG_WARN_SUSPICIOUS_MOVE = YES;
				CLANG_WARN_UNREACHABLE_CODE = YES;
				CLANG_WARN__DUPLICATE_METHOD_MATCH = YES;
				"CODE_SIGN_IDENTITY[sdk=iphoneos*]" = "iPhone Developer";
				COPY_PHASE_STRIP = NO;
				ENABLE_STRICT_OBJC_MSGSEND = YES;
				ENABLE_TESTABILITY = YES;
				GCC_C_LANGUAGE_STANDARD = gnu99;
				GCC_DYNAMIC_NO_PIC = NO;
				GCC_NO_COMMON_BLOCKS = YES;
				GCC_OPTIMIZATION_LEVEL = 0;
				GCC_PREPROCESSOR_DEFINITIONS = (
					"DEBUG=1",
					"$(inherited)",
				);
				GCC_SYMBOLS_PRIVATE_EXTERN = NO;
				GCC_WARN_64_TO_32_BIT_CONVERSION = YES;
				GCC_WARN_ABOUT_RETURN_TYPE = YES_ERROR;
				GCC_WARN_UNDECLARED_SELECTOR = YES;
				GCC_WARN_UNINITIALIZED_AUTOS = YES_AGGRESSIVE;
				GCC_WARN_UNUSED_FUNCTION = YES;
				GCC_WARN_UNUSED_VARIABLE = YES;
				IPHONEOS_DEPLOYMENT_TARGET = 9.0;
				MTL_ENABLE_DEBUG_INFO = YES;
				ONLY_ACTIVE_ARCH = YES;
				SDKROOT = iphoneos;
			};
			name = Debug;
		};
		83CBBA211A601CBA00E9B192 /* Release */ = {
			isa = XCBuildConfiguration;
			buildSettings = {
				ALWAYS_SEARCH_USER_PATHS = NO;
				CLANG_CXX_LANGUAGE_STANDARD = "gnu++0x";
				CLANG_CXX_LIBRARY = "libc++";
				CLANG_ENABLE_MODULES = YES;
				CLANG_ENABLE_OBJC_ARC = YES;
				CLANG_WARN_BLOCK_CAPTURE_AUTORELEASING = YES;
				CLANG_WARN_BOOL_CONVERSION = YES;
				CLANG_WARN_COMMA = YES;
				CLANG_WARN_CONSTANT_CONVERSION = YES;
				CLANG_WARN_DEPRECATED_OBJC_IMPLEMENTATIONS = YES;
				CLANG_WARN_DIRECT_OBJC_ISA_USAGE = YES_ERROR;
				CLANG_WARN_EMPTY_BODY = YES;
				CLANG_WARN_ENUM_CONVERSION = YES;
				CLANG_WARN_INFINITE_RECURSION = YES;
				CLANG_WARN_INT_CONVERSION = YES;
				CLANG_WARN_NON_LITERAL_NULL_CONVERSION = YES;
				CLANG_WARN_OBJC_IMPLICIT_RETAIN_SELF = YES;
				CLANG_WARN_OBJC_LITERAL_CONVERSION = YES;
				CLANG_WARN_OBJC_ROOT_CLASS = YES_ERROR;
				CLANG_WARN_RANGE_LOOP_ANALYSIS = YES;
				CLANG_WARN_STRICT_PROTOTYPES = YES;
				CLANG_WARN_SUSPICIOUS_MOVE = YES;
				CLANG_WARN_UNREACHABLE_CODE = YES;
				CLANG_WARN__DUPLICATE_METHOD_MATCH = YES;
				"CODE_SIGN_IDENTITY[sdk=iphoneos*]" = "iPhone Developer";
				COPY_PHASE_STRIP = YES;
				ENABLE_NS_ASSERTIONS = NO;
				ENABLE_STRICT_OBJC_MSGSEND = YES;
				GCC_C_LANGUAGE_STANDARD = gnu99;
				GCC_NO_COMMON_BLOCKS = YES;
				GCC_WARN_64_TO_32_BIT_CONVERSION = YES;
				GCC_WARN_ABOUT_RETURN_TYPE = YES_ERROR;
				GCC_WARN_UNDECLARED_SELECTOR = YES;
				GCC_WARN_UNINITIALIZED_AUTOS = YES_AGGRESSIVE;
				GCC_WARN_UNUSED_FUNCTION = YES;
				GCC_WARN_UNUSED_VARIABLE = YES;
				IPHONEOS_DEPLOYMENT_TARGET = 9.0;
				MTL_ENABLE_DEBUG_INFO = NO;
				SDKROOT = iphoneos;
				VALIDATE_PRODUCT = YES;
			};
			name = Release;
		};
/* End XCBuildConfiguration section */

/* Begin XCConfigurationList section */
		00E357021AD99517003FC87E /* Build configuration list for PBXNativeTarget "NeuPlayerTests" */ = {
			isa = XCConfigurationList;
			buildConfigurations = (
				00E356F61AD99517003FC87E /* Debug */,
				00E356F71AD99517003FC87E /* Release */,
			);
			defaultConfigurationIsVisible = 0;
			defaultConfigurationName = Release;
		};
		13B07F931A680F5B00A75B9A /* Build configuration list for PBXNativeTarget "NeuPlayer" */ = {
			isa = XCConfigurationList;
			buildConfigurations = (
				13B07F941A680F5B00A75B9A /* Debug */,
				13B07F951A680F5B00A75B9A /* Release */,
			);
			defaultConfigurationIsVisible = 0;
			defaultConfigurationName = Release;
		};
		2D02E4BA1E0B4A5E006451C7 /* Build configuration list for PBXNativeTarget "NeuPlayer-tvOS" */ = {
			isa = XCConfigurationList;
			buildConfigurations = (
				2D02E4971E0B4A5E006451C7 /* Debug */,
				2D02E4981E0B4A5E006451C7 /* Release */,
			);
			defaultConfigurationIsVisible = 0;
			defaultConfigurationName = Release;
		};
		2D02E4BB1E0B4A5E006451C7 /* Build configuration list for PBXNativeTarget "NeuPlayer-tvOSTests" */ = {
			isa = XCConfigurationList;
			buildConfigurations = (
				2D02E4991E0B4A5E006451C7 /* Debug */,
				2D02E49A1E0B4A5E006451C7 /* Release */,
			);
			defaultConfigurationIsVisible = 0;
			defaultConfigurationName = Release;
		};
		83CBB9FA1A601CBA00E9B192 /* Build configuration list for PBXProject "NeuPlayer" */ = {
			isa = XCConfigurationList;
			buildConfigurations = (
				83CBBA201A601CBA00E9B192 /* Debug */,
				83CBBA211A601CBA00E9B192 /* Release */,
			);
			defaultConfigurationIsVisible = 0;
			defaultConfigurationName = Release;
		};
/* End XCConfigurationList section */
	};
	rootObject = 83CBB9F71A601CBA00E9B192 /* Project object */;
}
